
Microsoft Visual Studio Solution File, Format Version 12.00
# Visual Studio Version 17
VisualStudioVersion = 17.10.35013.160
MinimumVisualStudioVersion = 10.0.40219.1
Project("{FAE04EC0-301F-11D3-BF4B-00C04F79EFBC}") = "AccountProject", "AccountProject\AccountProject.csproj", "{885E7982-B552-4764-AE73-ED1FBC3C20CC}"
EndProject
Global
	GlobalSection(SolutionConfigurationPlatforms) = preSolution
		Debug|Any CPU = Debug|Any CPU
		Release|Any CPU = Release|Any CPU
	EndGlobalSection
	GlobalSection(ProjectConfigurationPlatforms) = postSolution
		{885E7982-B552-4764-AE73-ED1FBC3C20CC}.Debug|Any CPU.ActiveCfg = Debug|Any CPU
		{885E7982-B552-4764-AE73-ED1FBC3C20CC}.Debug|Any CPU.Build.0 = Debug|Any CPU
		{885E7982-B552-4764-AE73-ED1FBC3C20CC}.Release|Any CPU.ActiveCfg = Release|Any CPU
		{885E7982-B552-4764-AE73-ED1FBC3C20CC}.Release|Any CPU.Build.0 = Release|Any CPU
	EndGlobalSection
	GlobalSection(SolutionProperties) = preSolution
		HideSolutionNode = FALSE
	EndGlobalSection
	GlobalSection(ExtensibilityGlobals) = postSolution
		SolutionGuid = {C0407B1B-B981-44F1-9A0F-234C902FE94A}
	EndGlobalSection
EndGlobal
